
Microsoft Visual Studio Solution File, Format Version 12.00
Project("{FAE04EC0-301F-11D3-BF4B-00C04F79EFBC}") = "Server", "Server\Server.csproj", "{2F8EB65B-7022-4987-A8DF-F8058B3C1ECF}"
EndProject
Project("{FAE04EC0-301F-11D3-BF4B-00C04F79EFBC}") = "Domain", "Domain\Domain.csproj", "{3F5666B1-F5D1-4F0B-94C9-C360C11032AF}"
EndProject
Project("{2150E333-8FDC-42A3-9474-1A3956D46DE8}") = "DataAccess", "DataAccess", "{A399EC18-BE67-47E8-978C-B12FEC4C2898}"
EndProject
Project("{FAE04EC0-301F-11D3-BF4B-00C04F79EFBC}") = "Context", "DataAccess\Context\Context.csproj", "{39B86456-56DF-437C-8E14-D4CB98CC4240}"
EndProject
Project("{FAE04EC0-301F-11D3-BF4B-00C04F79EFBC}") = "Models", "DataAccess\Models\Models.csproj", "{A3F5A3D2-D366-42BA-B714-9519C37EC21C}"
EndProject
Project("{FAE04EC0-301F-11D3-BF4B-00C04F79EFBC}") = "Repositories", "DataAccess\Repositories\Repositories.csproj", "{76F48FCD-9016-4420-9590-520436225BA9}"
EndProject
Project("{2150E333-8FDC-42A3-9474-1A3956D46DE8}") = "Tests", "Tests", "{5A3B5C2F-CFE8-4B1F-81CF-481A38884297}"
EndProject
Project("{FAE04EC0-301F-11D3-BF4B-00C04F79EFBC}") = "DatabaseIntegrationTests", "Tests\DatabaseIntegrationTests\DatabaseIntegrationTests.csproj", "{0AFC0DD9-5CCC-4D19-946A-7F00C2361BF0}"
EndProject
Project("{FAE04EC0-301F-11D3-BF4B-00C04F79EFBC}") = "AccountsService", "Services\AccountsService\AccountsService.csproj", "{30BAFAD8-8676-4802-9DAD-A6029A463FA8}"
EndProject
Project("{2150E333-8FDC-42A3-9474-1A3956D46DE8}") = "Services", "Services", "{C4810396-E93A-47CD-8F5B-2B93A80663F7}"
EndProject
Global
	GlobalSection(SolutionConfigurationPlatforms) = preSolution
		Debug|Any CPU = Debug|Any CPU
		Release|Any CPU = Release|Any CPU
	EndGlobalSection
	GlobalSection(ProjectConfigurationPlatforms) = postSolution
		{2F8EB65B-7022-4987-A8DF-F8058B3C1ECF}.Debug|Any CPU.ActiveCfg = Debug|Any CPU
		{2F8EB65B-7022-4987-A8DF-F8058B3C1ECF}.Debug|Any CPU.Build.0 = Debug|Any CPU
		{2F8EB65B-7022-4987-A8DF-F8058B3C1ECF}.Release|Any CPU.ActiveCfg = Release|Any CPU
		{2F8EB65B-7022-4987-A8DF-F8058B3C1ECF}.Release|Any CPU.Build.0 = Release|Any CPU
		{3F5666B1-F5D1-4F0B-94C9-C360C11032AF}.Debug|Any CPU.ActiveCfg = Debug|Any CPU
		{3F5666B1-F5D1-4F0B-94C9-C360C11032AF}.Debug|Any CPU.Build.0 = Debug|Any CPU
		{3F5666B1-F5D1-4F0B-94C9-C360C11032AF}.Release|Any CPU.ActiveCfg = Release|Any CPU
		{3F5666B1-F5D1-4F0B-94C9-C360C11032AF}.Release|Any CPU.Build.0 = Release|Any CPU
		{39B86456-56DF-437C-8E14-D4CB98CC4240}.Debug|Any CPU.ActiveCfg = Debug|Any CPU
		{39B86456-56DF-437C-8E14-D4CB98CC4240}.Debug|Any CPU.Build.0 = Debug|Any CPU
		{39B86456-56DF-437C-8E14-D4CB98CC4240}.Release|Any CPU.ActiveCfg = Release|Any CPU
		{39B86456-56DF-437C-8E14-D4CB98CC4240}.Release|Any CPU.Build.0 = Release|Any CPU
		{A3F5A3D2-D366-42BA-B714-9519C37EC21C}.Debug|Any CPU.ActiveCfg = Debug|Any CPU
		{A3F5A3D2-D366-42BA-B714-9519C37EC21C}.Debug|Any CPU.Build.0 = Debug|Any CPU
		{A3F5A3D2-D366-42BA-B714-9519C37EC21C}.Release|Any CPU.ActiveCfg = Release|Any CPU
		{A3F5A3D2-D366-42BA-B714-9519C37EC21C}.Release|Any CPU.Build.0 = Release|Any CPU
		{76F48FCD-9016-4420-9590-520436225BA9}.Debug|Any CPU.ActiveCfg = Debug|Any CPU
		{76F48FCD-9016-4420-9590-520436225BA9}.Debug|Any CPU.Build.0 = Debug|Any CPU
		{76F48FCD-9016-4420-9590-520436225BA9}.Release|Any CPU.ActiveCfg = Release|Any CPU
		{76F48FCD-9016-4420-9590-520436225BA9}.Release|Any CPU.Build.0 = Release|Any CPU
		{0AFC0DD9-5CCC-4D19-946A-7F00C2361BF0}.Debug|Any CPU.ActiveCfg = Debug|Any CPU
		{0AFC0DD9-5CCC-4D19-946A-7F00C2361BF0}.Debug|Any CPU.Build.0 = Debug|Any CPU
		{0AFC0DD9-5CCC-4D19-946A-7F00C2361BF0}.Release|Any CPU.ActiveCfg = Release|Any CPU
		{0AFC0DD9-5CCC-4D19-946A-7F00C2361BF0}.Release|Any CPU.Build.0 = Release|Any CPU
		{30BAFAD8-8676-4802-9DAD-A6029A463FA8}.Debug|Any CPU.ActiveCfg = Debug|Any CPU
		{30BAFAD8-8676-4802-9DAD-A6029A463FA8}.Debug|Any CPU.Build.0 = Debug|Any CPU
		{30BAFAD8-8676-4802-9DAD-A6029A463FA8}.Release|Any CPU.ActiveCfg = Release|Any CPU
		{30BAFAD8-8676-4802-9DAD-A6029A463FA8}.Release|Any CPU.Build.0 = Release|Any CPU
	EndGlobalSection
	GlobalSection(NestedProjects) = preSolution
		{39B86456-56DF-437C-8E14-D4CB98CC4240} = {A399EC18-BE67-47E8-978C-B12FEC4C2898}
		{A3F5A3D2-D366-42BA-B714-9519C37EC21C} = {A399EC18-BE67-47E8-978C-B12FEC4C2898}
		{76F48FCD-9016-4420-9590-520436225BA9} = {A399EC18-BE67-47E8-978C-B12FEC4C2898}
		{0AFC0DD9-5CCC-4D19-946A-7F00C2361BF0} = {5A3B5C2F-CFE8-4B1F-81CF-481A38884297}
		{30BAFAD8-8676-4802-9DAD-A6029A463FA8} = {C4810396-E93A-47CD-8F5B-2B93A80663F7}
	EndGlobalSection
EndGlobal
